// !$*UTF8*$!
{
	archiveVersion = 1;
	classes = {
	};
	objectVersion = 50;
	objects = {

/* Begin PBXBuildFile section */
		CF64834125979B40008E59B0 /* analyze-stm32-gpio-modes.swift in Sources */ = {isa = PBXBuildFile; fileRef = CF64834025979B40008E59B0 /* analyze-stm32-gpio-modes.swift */; };
		CF8F784B25979ACD001905F3 /* main.swift in Sources */ = {isa = PBXBuildFile; fileRef = CF8F784A25979ACD001905F3 /* main.swift */; };
		CFCAE3B625979CA500271D98 /* XMLStackParser.swift in Sources */ = {isa = PBXBuildFile; fileRef = CFCAE3A825979CA500271D98 /* XMLStackParser.swift */; };
		CFCAE3B725979CA500271D98 /* XMLEncoder.swift in Sources */ = {isa = PBXBuildFile; fileRef = CFCAE3A925979CA500271D98 /* XMLEncoder.swift */; };
		CFCAE3B825979CA500271D98 /* XMLReferencingEncoder.swift in Sources */ = {isa = PBXBuildFile; fileRef = CFCAE3AA25979CA500271D98 /* XMLReferencingEncoder.swift */; };
		CFCAE3B925979CA500271D98 /* XMLDecoder.swift in Sources */ = {isa = PBXBuildFile; fileRef = CFCAE3AD25979CA500271D98 /* XMLDecoder.swift */; };
		CFCAE3BA25979CA500271D98 /* XMLDecodingStorage.swift in Sources */ = {isa = PBXBuildFile; fileRef = CFCAE3AE25979CA500271D98 /* XMLDecodingStorage.swift */; };
		CFCAE3BB25979CA500271D98 /* ISO8601DateFormatter.swift in Sources */ = {isa = PBXBuildFile; fileRef = CFCAE3AF25979CA500271D98 /* ISO8601DateFormatter.swift */; };
		CFCAE3BC25979CA500271D98 /* XMLKeyedDecodingContainer.swift in Sources */ = {isa = PBXBuildFile; fileRef = CFCAE3B025979CA500271D98 /* XMLKeyedDecodingContainer.swift */; };
		CFCAE3BD25979CA500271D98 /* DecodingErrorExtension.swift in Sources */ = {isa = PBXBuildFile; fileRef = CFCAE3B125979CA500271D98 /* DecodingErrorExtension.swift */; };
		CFCAE3BE25979CA500271D98 /* EncodingErrorExtension.swift in Sources */ = {isa = PBXBuildFile; fileRef = CFCAE3B225979CA500271D98 /* EncodingErrorExtension.swift */; };
		CFCAE3BF25979CA500271D98 /* XMLEncodingStorage.swift in Sources */ = {isa = PBXBuildFile; fileRef = CFCAE3B325979CA500271D98 /* XMLEncodingStorage.swift */; };
		CFCAE3C025979CA500271D98 /* XMLUnkeyedDecodingContainer.swift in Sources */ = {isa = PBXBuildFile; fileRef = CFCAE3B425979CA500271D98 /* XMLUnkeyedDecodingContainer.swift */; };
		CFCAE3C125979CA500271D98 /* XMLKey.swift in Sources */ = {isa = PBXBuildFile; fileRef = CFCAE3B525979CA500271D98 /* XMLKey.swift */; };
		CFCAE3C425979CFE00271D98 /* gpio-modes-descriptor.swift in Sources */ = {isa = PBXBuildFile; fileRef = CFCAE3C325979CFE00271D98 /* gpio-modes-descriptor.swift */; };
/* End PBXBuildFile section */

/* Begin PBXCopyFilesBuildPhase section */
		CF8F784525979ACD001905F3 /* CopyFiles */ = {
			isa = PBXCopyFilesBuildPhase;
			buildActionMask = 2147483647;
			dstPath = /usr/share/man/man1/;
			dstSubfolderSpec = 0;
			files = (
			);
			runOnlyForDeploymentPostprocessing = 1;
		};
/* End PBXCopyFilesBuildPhase section */

/* Begin PBXFileReference section */
		CF64834025979B40008E59B0 /* analyze-stm32-gpio-modes.swift */ = {isa = PBXFileReference; fileEncoding = 4; lastKnownFileType = sourcecode.swift; path = "analyze-stm32-gpio-modes.swift"; sourceTree = "<group>"; };
		CF8F784725979ACD001905F3 /* extract-stm32-gpio-modes */ = {isa = PBXFileReference; explicitFileType = "compiled.mach-o.executable"; includeInIndex = 0; path = "extract-stm32-gpio-modes"; sourceTree = BUILT_PRODUCTS_DIR; };
		CF8F784A25979ACD001905F3 /* main.swift */ = {isa = PBXFileReference; lastKnownFileType = sourcecode.swift; path = main.swift; sourceTree = "<group>"; };
		CFCAE3A725979CA500271D98 /* Decoder */ = {isa = PBXFileReference; lastKnownFileType = folder; name = Decoder; path = XMLParsing/Decoder; sourceTree = "<group>"; };
		CFCAE3A825979CA500271D98 /* XMLStackParser.swift */ = {isa = PBXFileReference; fileEncoding = 4; lastKnownFileType = sourcecode.swift; name = XMLStackParser.swift; path = XMLParsing/XMLStackParser.swift; sourceTree = "<group>"; };
		CFCAE3A925979CA500271D98 /* XMLEncoder.swift */ = {isa = PBXFileReference; fileEncoding = 4; lastKnownFileType = sourcecode.swift; name = XMLEncoder.swift; path = XMLParsing/Encoder/XMLEncoder.swift; sourceTree = "<group>"; };
		CFCAE3AA25979CA500271D98 /* XMLReferencingEncoder.swift */ = {isa = PBXFileReference; fileEncoding = 4; lastKnownFileType = sourcecode.swift; name = XMLReferencingEncoder.swift; path = XMLParsing/Encoder/XMLReferencingEncoder.swift; sourceTree = "<group>"; };
		CFCAE3AB25979CA500271D98 /* Encoder */ = {isa = PBXFileReference; lastKnownFileType = folder; name = Encoder; path = XMLParsing/Encoder; sourceTree = "<group>"; };
		CFCAE3AC25979CA500271D98 /* XMLParsing */ = {isa = PBXFileReference; lastKnownFileType = folder; path = XMLParsing; sourceTree = "<group>"; };
		CFCAE3AD25979CA500271D98 /* XMLDecoder.swift */ = {isa = PBXFileReference; fileEncoding = 4; lastKnownFileType = sourcecode.swift; name = XMLDecoder.swift; path = XMLParsing/Decoder/XMLDecoder.swift; sourceTree = "<group>"; };
		CFCAE3AE25979CA500271D98 /* XMLDecodingStorage.swift */ = {isa = PBXFileReference; fileEncoding = 4; lastKnownFileType = sourcecode.swift; name = XMLDecodingStorage.swift; path = XMLParsing/Decoder/XMLDecodingStorage.swift; sourceTree = "<group>"; };
		CFCAE3AF25979CA500271D98 /* ISO8601DateFormatter.swift */ = {isa = PBXFileReference; fileEncoding = 4; lastKnownFileType = sourcecode.swift; name = ISO8601DateFormatter.swift; path = XMLParsing/ISO8601DateFormatter.swift; sourceTree = "<group>"; };
		CFCAE3B025979CA500271D98 /* XMLKeyedDecodingContainer.swift */ = {isa = PBXFileReference; fileEncoding = 4; lastKnownFileType = sourcecode.swift; name = XMLKeyedDecodingContainer.swift; path = XMLParsing/Decoder/XMLKeyedDecodingContainer.swift; sourceTree = "<group>"; };
		CFCAE3B125979CA500271D98 /* DecodingErrorExtension.swift */ = {isa = PBXFileReference; fileEncoding = 4; lastKnownFileType = sourcecode.swift; name = DecodingErrorExtension.swift; path = XMLParsing/Decoder/DecodingErrorExtension.swift; sourceTree = "<group>"; };
		CFCAE3B225979CA500271D98 /* EncodingErrorExtension.swift */ = {isa = PBXFileReference; fileEncoding = 4; lastKnownFileType = sourcecode.swift; name = EncodingErrorExtension.swift; path = XMLParsing/Encoder/EncodingErrorExtension.swift; sourceTree = "<group>"; };
		CFCAE3B325979CA500271D98 /* XMLEncodingStorage.swift */ = {isa = PBXFileReference; fileEncoding = 4; lastKnownFileType = sourcecode.swift; name = XMLEncodingStorage.swift; path = XMLParsing/Encoder/XMLEncodingStorage.swift; sourceTree = "<group>"; };
		CFCAE3B425979CA500271D98 /* XMLUnkeyedDecodingContainer.swift */ = {isa = PBXFileReference; fileEncoding = 4; lastKnownFileType = sourcecode.swift; name = XMLUnkeyedDecodingContainer.swift; path = XMLParsing/Decoder/XMLUnkeyedDecodingContainer.swift; sourceTree = "<group>"; };
		CFCAE3B525979CA500271D98 /* XMLKey.swift */ = {isa = PBXFileReference; fileEncoding = 4; lastKnownFileType = sourcecode.swift; name = XMLKey.swift; path = XMLParsing/XMLKey.swift; sourceTree = "<group>"; };
		CFCAE3C325979CFE00271D98 /* gpio-modes-descriptor.swift */ = {isa = PBXFileReference; fileEncoding = 4; lastKnownFileType = sourcecode.swift; path = "gpio-modes-descriptor.swift"; sourceTree = "<group>"; };
/* End PBXFileReference section */

/* Begin PBXFrameworksBuildPhase section */
		CF8F784425979ACD001905F3 /* Frameworks */ = {
			isa = PBXFrameworksBuildPhase;
			buildActionMask = 2147483647;
			files = (
			);
			runOnlyForDeploymentPostprocessing = 0;
		};
/* End PBXFrameworksBuildPhase section */

/* Begin PBXGroup section */
		CF8F783E25979ACD001905F3 = {
			isa = PBXGroup;
			children = (
				CF8F784925979ACD001905F3 /* extract-stm32-gpio-modes */,
				CF8F784825979ACD001905F3 /* Products */,
			);
			sourceTree = "<group>";
		};
		CF8F784825979ACD001905F3 /* Products */ = {
			isa = PBXGroup;
			children = (
				CF8F784725979ACD001905F3 /* extract-stm32-gpio-modes */,
			);
			name = Products;
			sourceTree = "<group>";
		};
		CF8F784925979ACD001905F3 /* extract-stm32-gpio-modes */ = {
			isa = PBXGroup;
			children = (
				CFCAE3C325979CFE00271D98 /* gpio-modes-descriptor.swift */,
				CFCAE3A725979CA500271D98 /* Decoder */,
				CFCAE3B125979CA500271D98 /* DecodingErrorExtension.swift */,
				CFCAE3AB25979CA500271D98 /* Encoder */,
				CFCAE3B225979CA500271D98 /* EncodingErrorExtension.swift */,
				CFCAE3AF25979CA500271D98 /* ISO8601DateFormatter.swift */,
				CFCAE3AD25979CA500271D98 /* XMLDecoder.swift */,
				CFCAE3AE25979CA500271D98 /* XMLDecodingStorage.swift */,
				CFCAE3A925979CA500271D98 /* XMLEncoder.swift */,
				CFCAE3B325979CA500271D98 /* XMLEncodingStorage.swift */,
				CFCAE3B525979CA500271D98 /* XMLKey.swift */,
				CFCAE3B025979CA500271D98 /* XMLKeyedDecodingContainer.swift */,
				CFCAE3AC25979CA500271D98 /* XMLParsing */,
				CFCAE3AA25979CA500271D98 /* XMLReferencingEncoder.swift */,
				CFCAE3A825979CA500271D98 /* XMLStackParser.swift */,
				CFCAE3B425979CA500271D98 /* XMLUnkeyedDecodingContainer.swift */,
				CF64834025979B40008E59B0 /* analyze-stm32-gpio-modes.swift */,
				CF8F784A25979ACD001905F3 /* main.swift */,
			);
			path = "extract-stm32-gpio-modes";
			sourceTree = "<group>";
		};
/* End PBXGroup section */

/* Begin PBXNativeTarget section */
		CF8F784625979ACD001905F3 /* extract-stm32-gpio-modes */ = {
			isa = PBXNativeTarget;
			buildConfigurationList = CF8F784E25979ACD001905F3 /* Build configuration list for PBXNativeTarget "extract-stm32-gpio-modes" */;
			buildPhases = (
				CF8F784325979ACD001905F3 /* Sources */,
				CF8F784425979ACD001905F3 /* Frameworks */,
				CF8F784525979ACD001905F3 /* CopyFiles */,
			);
			buildRules = (
			);
			dependencies = (
			);
			name = "extract-stm32-gpio-modes";
			productName = "extract-stm32-gpio-modes";
			productReference = CF8F784725979ACD001905F3 /* extract-stm32-gpio-modes */;
			productType = "com.apple.product-type.tool";
		};
/* End PBXNativeTarget section */

/* Begin PBXProject section */
		CF8F783F25979ACD001905F3 /* Project object */ = {
			isa = PBXProject;
			attributes = {
				LastSwiftUpdateCheck = 1230;
				LastUpgradeCheck = 1230;
				TargetAttributes = {
					CF8F784625979ACD001905F3 = {
						CreatedOnToolsVersion = 12.3;
					};
				};
			};
			buildConfigurationList = CF8F784225979ACD001905F3 /* Build configuration list for PBXProject "extract-stm32-gpio-modes" */;
			compatibilityVersion = "Xcode 9.3";
			developmentRegion = en;
			hasScannedForEncodings = 0;
			knownRegions = (
				en,
				Base,
			);
			mainGroup = CF8F783E25979ACD001905F3;
			productRefGroup = CF8F784825979ACD001905F3 /* Products */;
			projectDirPath = "";
			projectRoot = "";
			targets = (
				CF8F784625979ACD001905F3 /* extract-stm32-gpio-modes */,
			);
		};
/* End PBXProject section */

/* Begin PBXSourcesBuildPhase section */
		CF8F784325979ACD001905F3 /* Sources */ = {
			isa = PBXSourcesBuildPhase;
			buildActionMask = 2147483647;
			files = (
				CFCAE3BF25979CA500271D98 /* XMLEncodingStorage.swift in Sources */,
				CFCAE3C025979CA500271D98 /* XMLUnkeyedDecodingContainer.swift in Sources */,
				CFCAE3B725979CA500271D98 /* XMLEncoder.swift in Sources */,
				CFCAE3BB25979CA500271D98 /* ISO8601DateFormatter.swift in Sources */,
				CFCAE3B825979CA500271D98 /* XMLReferencingEncoder.swift in Sources */,
				CFCAE3C125979CA500271D98 /* XMLKey.swift in Sources */,
				CFCAE3BA25979CA500271D98 /* XMLDecodingStorage.swift in Sources */,
				CF64834125979B40008E59B0 /* analyze-stm32-gpio-modes.swift in Sources */,
				CFCAE3BD25979CA500271D98 /* DecodingErrorExtension.swift in Sources */,
				CFCAE3B625979CA500271D98 /* XMLStackParser.swift in Sources */,
				CFCAE3B925979CA500271D98 /* XMLDecoder.swift in Sources */,
				CFCAE3BC25979CA500271D98 /* XMLKeyedDecodingContainer.swift in Sources */,
				CFCAE3BE25979CA500271D98 /* EncodingErrorExtension.swift in Sources */,
				CFCAE3C425979CFE00271D98 /* gpio-modes-descriptor.swift in Sources */,
				CF8F784B25979ACD001905F3 /* main.swift in Sources */,
			);
			runOnlyForDeploymentPostprocessing = 0;
		};
/* End PBXSourcesBuildPhase section */

/* Begin XCBuildConfiguration section */
		CF8F784C25979ACD001905F3 /* Debug */ = {
			isa = XCBuildConfiguration;
			buildSettings = {
				ALWAYS_SEARCH_USER_PATHS = NO;
				CLANG_ANALYZER_NONNULL = YES;
				CLANG_ANALYZER_NUMBER_OBJECT_CONVERSION = YES_AGGRESSIVE;
				CLANG_CXX_LANGUAGE_STANDARD = "gnu++14";
				CLANG_CXX_LIBRARY = "libc++";
				CLANG_ENABLE_MODULES = YES;
				CLANG_ENABLE_OBJC_ARC = YES;
				CLANG_ENABLE_OBJC_WEAK = YES;
				CLANG_WARN_BLOCK_CAPTURE_AUTORELEASING = YES;
				CLANG_WARN_BOOL_CONVERSION = YES;
				CLANG_WARN_COMMA = YES;
				CLANG_WARN_CONSTANT_CONVERSION = YES;
				CLANG_WARN_DEPRECATED_OBJC_IMPLEMENTATIONS = YES;
				CLANG_WARN_DIRECT_OBJC_ISA_USAGE = YES_ERROR;
				CLANG_WARN_DOCUMENTATION_COMMENTS = YES;
				CLANG_WARN_EMPTY_BODY = YES;
				CLANG_WARN_ENUM_CONVERSION = YES;
				CLANG_WARN_INFINITE_RECURSION = YES;
				CLANG_WARN_INT_CONVERSION = YES;
				CLANG_WARN_NON_LITERAL_NULL_CONVERSION = YES;
				CLANG_WARN_OBJC_IMPLICIT_RETAIN_SELF = YES;
				CLANG_WARN_OBJC_LITERAL_CONVERSION = YES;
				CLANG_WARN_OBJC_ROOT_CLASS = YES_ERROR;
				CLANG_WARN_QUOTED_INCLUDE_IN_FRAMEWORK_HEADER = YES;
				CLANG_WARN_RANGE_LOOP_ANALYSIS = YES;
				CLANG_WARN_STRICT_PROTOTYPES = YES;
				CLANG_WARN_SUSPICIOUS_MOVE = YES;
				CLANG_WARN_UNGUARDED_AVAILABILITY = YES_AGGRESSIVE;
				CLANG_WARN_UNREACHABLE_CODE = YES;
				CLANG_WARN__DUPLICATE_METHOD_MATCH = YES;
				COPY_PHASE_STRIP = NO;
				DEBUG_INFORMATION_FORMAT = dwarf;
				ENABLE_STRICT_OBJC_MSGSEND = YES;
				ENABLE_TESTABILITY = YES;
				GCC_C_LANGUAGE_STANDARD = gnu11;
				GCC_DYNAMIC_NO_PIC = NO;
				GCC_NO_COMMON_BLOCKS = YES;
				GCC_OPTIMIZATION_LEVEL = 0;
				GCC_PREPROCESSOR_DEFINITIONS = (
					"DEBUG=1",
					"$(inherited)",
				);
				GCC_WARN_64_TO_32_BIT_CONVERSION = YES;
				GCC_WARN_ABOUT_RETURN_TYPE = YES_ERROR;
				GCC_WARN_UNDECLARED_SELECTOR = YES;
				GCC_WARN_UNINITIALIZED_AUTOS = YES_AGGRESSIVE;
				GCC_WARN_UNUSED_FUNCTION = YES;
				GCC_WARN_UNUSED_VARIABLE = YES;
				MACOSX_DEPLOYMENT_TARGET = 10.15;
				MTL_ENABLE_DEBUG_INFO = INCLUDE_SOURCE;
				MTL_FAST_MATH = YES;
				ONLY_ACTIVE_ARCH = YES;
				SDKROOT = macosx;
				SWIFT_ACTIVE_COMPILATION_CONDITIONS = DEBUG;
				SWIFT_OPTIMIZATION_LEVEL = "-Onone";
			};
			name = Debug;
		};
		CF8F784D25979ACD001905F3 /* Release */ = {
			isa = XCBuildConfiguration;
			buildSettings = {
				ALWAYS_SEARCH_USER_PATHS = NO;
				CLANG_ANALYZER_NONNULL = YES;
				CLANG_ANALYZER_NUMBER_OBJECT_CONVERSION = YES_AGGRESSIVE;
				CLANG_CXX_LANGUAGE_STANDARD = "gnu++14";
				CLANG_CXX_LIBRARY = "libc++";
				CLANG_ENABLE_MODULES = YES;
				CLANG_ENABLE_OBJC_ARC = YES;
				CLANG_ENABLE_OBJC_WEAK = YES;
				CLANG_WARN_BLOCK_CAPTURE_AUTORELEASING = YES;
				CLANG_WARN_BOOL_CONVERSION = YES;
				CLANG_WARN_COMMA = YES;
				CLANG_WARN_CONSTANT_CONVERSION = YES;
				CLANG_WARN_DEPRECATED_OBJC_IMPLEMENTATIONS = YES;
				CLANG_WARN_DIRECT_OBJC_ISA_USAGE = YES_ERROR;
				CLANG_WARN_DOCUMENTATION_COMMENTS = YES;
				CLANG_WARN_EMPTY_BODY = YES;
				CLANG_WARN_ENUM_CONVERSION = YES;
				CLANG_WARN_INFINITE_RECURSION = YES;
				CLANG_WARN_INT_CONVERSION = YES;
				CLANG_WARN_NON_LITERAL_NULL_CONVERSION = YES;
				CLANG_WARN_OBJC_IMPLICIT_RETAIN_SELF = YES;
				CLANG_WARN_OBJC_LITERAL_CONVERSION = YES;
				CLANG_WARN_OBJC_ROOT_CLASS = YES_ERROR;
				CLANG_WARN_QUOTED_INCLUDE_IN_FRAMEWORK_HEADER = YES;
				CLANG_WARN_RANGE_LOOP_ANALYSIS = YES;
				CLANG_WARN_STRICT_PROTOTYPES = YES;
				CLANG_WARN_SUSPICIOUS_MOVE = YES;
				CLANG_WARN_UNGUARDED_AVAILABILITY = YES_AGGRESSIVE;
				CLANG_WARN_UNREACHABLE_CODE = YES;
				CLANG_WARN__DUPLICATE_METHOD_MATCH = YES;
				COPY_PHASE_STRIP = NO;
				DEBUG_INFORMATION_FORMAT = "dwarf-with-dsym";
				ENABLE_NS_ASSERTIONS = NO;
				ENABLE_STRICT_OBJC_MSGSEND = YES;
				GCC_C_LANGUAGE_STANDARD = gnu11;
				GCC_NO_COMMON_BLOCKS = YES;
				GCC_WARN_64_TO_32_BIT_CONVERSION = YES;
				GCC_WARN_ABOUT_RETURN_TYPE = YES_ERROR;
				GCC_WARN_UNDECLARED_SELECTOR = YES;
				GCC_WARN_UNINITIALIZED_AUTOS = YES_AGGRESSIVE;
				GCC_WARN_UNUSED_FUNCTION = YES;
				GCC_WARN_UNUSED_VARIABLE = YES;
				MACOSX_DEPLOYMENT_TARGET = 10.15;
				MTL_ENABLE_DEBUG_INFO = NO;
				MTL_FAST_MATH = YES;
				SDKROOT = macosx;
				SWIFT_COMPILATION_MODE = wholemodule;
				SWIFT_OPTIMIZATION_LEVEL = "-O";
			};
			name = Release;
		};
		CF8F784F25979ACD001905F3 /* Debug */ = {
			isa = XCBuildConfiguration;
			buildSettings = {
				CODE_SIGN_STYLE = Automatic;
				DEVELOPMENT_TEAM = YW8QY74J2A;
				ENABLE_HARDENED_RUNTIME = YES;
				PRODUCT_NAME = "$(TARGET_NAME)";
				SWIFT_VERSION = 5.0;
			};
			name = Debug;
		};
		CF8F785025979ACD001905F3 /* Release */ = {
			isa = XCBuildConfiguration;
			buildSettings = {
				CODE_SIGN_STYLE = Automatic;
				DEVELOPMENT_TEAM = YW8QY74J2A;
				ENABLE_HARDENED_RUNTIME = YES;
				PRODUCT_NAME = "$(TARGET_NAME)";
				SWIFT_VERSION = 5.0;
			};
			name = Release;
		};
/* End XCBuildConfiguration section */

/* Begin XCConfigurationList section */
		CF8F784225979ACD001905F3 /* Build configuration list for PBXProject "extract-stm32-gpio-modes" */ = {
			isa = XCConfigurationList;
			buildConfigurations = (
				CF8F784C25979ACD001905F3 /* Debug */,
				CF8F784D25979ACD001905F3 /* Release */,
			);
			defaultConfigurationIsVisible = 0;
			defaultConfigurationName = Release;
		};
		CF8F784E25979ACD001905F3 /* Build configuration list for PBXNativeTarget "extract-stm32-gpio-modes" */ = {
			isa = XCConfigurationList;
			buildConfigurations = (
				CF8F784F25979ACD001905F3 /* Debug */,
				CF8F785025979ACD001905F3 /* Release */,
			);
			defaultConfigurationIsVisible = 0;
			defaultConfigurationName = Release;
		};
/* End XCConfigurationList section */
	};
	rootObject = CF8F783F25979ACD001905F3 /* Project object */;
}
